// !$*UTF8*$!
{
	archiveVersion = 1;
	classes = {
	};
	objectVersion = 56;
	objects = {

/* Begin PBXBuildFile section */
		850113D12C29B0A2007275D7 /* Make_ItApp.swift in Sources */ = {isa = PBXBuildFile; fileRef = 850113D02C29B0A2007275D7 /* Make_ItApp.swift */; };
		850113D32C29B0A2007275D7 /* ContentView.swift in Sources */ = {isa = PBXBuildFile; fileRef = 850113D22C29B0A2007275D7 /* ContentView.swift */; };
		850113D72C29B0A3007275D7 /* Assets.xcassets in Resources */ = {isa = PBXBuildFile; fileRef = 850113D62C29B0A3007275D7 /* Assets.xcassets */; };
		850113DA2C29B0A3007275D7 /* Preview Assets.xcassets in Resources */ = {isa = PBXBuildFile; fileRef = 850113D92C29B0A3007275D7 /* Preview Assets.xcassets */; };
		850113E42C29B0A4007275D7 /* Make_ItTests.swift in Sources */ = {isa = PBXBuildFile; fileRef = 850113E32C29B0A4007275D7 /* Make_ItTests.swift */; };
		850113EE2C29B0A4007275D7 /* Make_ItUITests.swift in Sources */ = {isa = PBXBuildFile; fileRef = 850113ED2C29B0A4007275D7 /* Make_ItUITests.swift */; };
		850113F02C29B0A4007275D7 /* Make_ItUITestsLaunchTests.swift in Sources */ = {isa = PBXBuildFile; fileRef = 850113EF2C29B0A4007275D7 /* Make_ItUITestsLaunchTests.swift */; };
		850114022C29FC95007275D7 /* TaskModel.swift in Sources */ = {isa = PBXBuildFile; fileRef = 850114012C29FC95007275D7 /* TaskModel.swift */; };
		850114042C29FDD8007275D7 /* TaskRepository.swift in Sources */ = {isa = PBXBuildFile; fileRef = 850114032C29FDD8007275D7 /* TaskRepository.swift */; };
		850114062C2A035A007275D7 /* TaskViewModel.swift in Sources */ = {isa = PBXBuildFile; fileRef = 850114052C2A035A007275D7 /* TaskViewModel.swift */; };
		850114082C2AFCA8007275D7 /* TaskUseCase.swift in Sources */ = {isa = PBXBuildFile; fileRef = 850114072C2AFCA8007275D7 /* TaskUseCase.swift */; };
		8501140A2C2AFCF3007275D7 /* AddTaskUseCase.swift in Sources */ = {isa = PBXBuildFile; fileRef = 850114092C2AFCF3007275D7 /* AddTaskUseCase.swift */; };
		8501140C2C2B0138007275D7 /* DeleteTaskUseCase.swift in Sources */ = {isa = PBXBuildFile; fileRef = 8501140B2C2B0138007275D7 /* DeleteTaskUseCase.swift */; };
		8501140E2C2B01AA007275D7 /* TaskController.swift in Sources */ = {isa = PBXBuildFile; fileRef = 8501140D2C2B01AA007275D7 /* TaskController.swift */; };
		85B888392C2B2CC5004591CE /* FetchTaskUseCase.swift in Sources */ = {isa = PBXBuildFile; fileRef = 85B888382C2B2CC5004591CE /* FetchTaskUseCase.swift */; };
/* End PBXBuildFile section */

/* Begin PBXContainerItemProxy section */
		850113E02C29B0A4007275D7 /* PBXContainerItemProxy */ = {
			isa = PBXContainerItemProxy;
			containerPortal = 850113C52C29B0A2007275D7 /* Project object */;
			proxyType = 1;
			remoteGlobalIDString = 850113CC2C29B0A2007275D7;
			remoteInfo = "Make It";
		};
		850113EA2C29B0A4007275D7 /* PBXContainerItemProxy */ = {
			isa = PBXContainerItemProxy;
			containerPortal = 850113C52C29B0A2007275D7 /* Project object */;
			proxyType = 1;
			remoteGlobalIDString = 850113CC2C29B0A2007275D7;
			remoteInfo = "Make It";
		};
/* End PBXContainerItemProxy section */

/* Begin PBXFileReference section */
		850113CD2C29B0A2007275D7 /* Make It.app */ = {isa = PBXFileReference; explicitFileType = wrapper.application; includeInIndex = 0; path = "Make It.app"; sourceTree = BUILT_PRODUCTS_DIR; };
		850113D02C29B0A2007275D7 /* Make_ItApp.swift */ = {isa = PBXFileReference; lastKnownFileType = sourcecode.swift; path = Make_ItApp.swift; sourceTree = "<group>"; };
		850113D22C29B0A2007275D7 /* ContentView.swift */ = {isa = PBXFileReference; lastKnownFileType = sourcecode.swift; path = ContentView.swift; sourceTree = "<group>"; };
		850113D62C29B0A3007275D7 /* Assets.xcassets */ = {isa = PBXFileReference; lastKnownFileType = folder.assetcatalog; path = Assets.xcassets; sourceTree = "<group>"; };
		850113D92C29B0A3007275D7 /* Preview Assets.xcassets */ = {isa = PBXFileReference; lastKnownFileType = folder.assetcatalog; path = "Preview Assets.xcassets"; sourceTree = "<group>"; };
		850113DF2C29B0A4007275D7 /* Make ItTests.xctest */ = {isa = PBXFileReference; explicitFileType = wrapper.cfbundle; includeInIndex = 0; path = "Make ItTests.xctest"; sourceTree = BUILT_PRODUCTS_DIR; };
		850113E32C29B0A4007275D7 /* Make_ItTests.swift */ = {isa = PBXFileReference; lastKnownFileType = sourcecode.swift; path = Make_ItTests.swift; sourceTree = "<group>"; };
		850113E92C29B0A4007275D7 /* Make ItUITests.xctest */ = {isa = PBXFileReference; explicitFileType = wrapper.cfbundle; includeInIndex = 0; path = "Make ItUITests.xctest"; sourceTree = BUILT_PRODUCTS_DIR; };
		850113ED2C29B0A4007275D7 /* Make_ItUITests.swift */ = {isa = PBXFileReference; lastKnownFileType = sourcecode.swift; path = Make_ItUITests.swift; sourceTree = "<group>"; };
		850113EF2C29B0A4007275D7 /* Make_ItUITestsLaunchTests.swift */ = {isa = PBXFileReference; lastKnownFileType = sourcecode.swift; path = Make_ItUITestsLaunchTests.swift; sourceTree = "<group>"; };
		850114012C29FC95007275D7 /* TaskModel.swift */ = {isa = PBXFileReference; lastKnownFileType = sourcecode.swift; path = TaskModel.swift; sourceTree = "<group>"; };
		850114032C29FDD8007275D7 /* TaskRepository.swift */ = {isa = PBXFileReference; lastKnownFileType = sourcecode.swift; path = TaskRepository.swift; sourceTree = "<group>"; };
		850114052C2A035A007275D7 /* TaskViewModel.swift */ = {isa = PBXFileReference; lastKnownFileType = sourcecode.swift; path = TaskViewModel.swift; sourceTree = "<group>"; };
		850114072C2AFCA8007275D7 /* TaskUseCase.swift */ = {isa = PBXFileReference; lastKnownFileType = sourcecode.swift; path = TaskUseCase.swift; sourceTree = "<group>"; };
		850114092C2AFCF3007275D7 /* AddTaskUseCase.swift */ = {isa = PBXFileReference; lastKnownFileType = sourcecode.swift; path = AddTaskUseCase.swift; sourceTree = "<group>"; };
		8501140B2C2B0138007275D7 /* DeleteTaskUseCase.swift */ = {isa = PBXFileReference; lastKnownFileType = sourcecode.swift; path = DeleteTaskUseCase.swift; sourceTree = "<group>"; };
		8501140D2C2B01AA007275D7 /* TaskController.swift */ = {isa = PBXFileReference; lastKnownFileType = sourcecode.swift; path = TaskController.swift; sourceTree = "<group>"; };
		85B888382C2B2CC5004591CE /* FetchTaskUseCase.swift */ = {isa = PBXFileReference; lastKnownFileType = sourcecode.swift; path = FetchTaskUseCase.swift; sourceTree = "<group>"; };
/* End PBXFileReference section */

/* Begin PBXFrameworksBuildPhase section */
		850113CA2C29B0A2007275D7 /* Frameworks */ = {
			isa = PBXFrameworksBuildPhase;
			buildActionMask = 2147483647;
			files = (
			);
			runOnlyForDeploymentPostprocessing = 0;
		};
		850113DC2C29B0A4007275D7 /* Frameworks */ = {
			isa = PBXFrameworksBuildPhase;
			buildActionMask = 2147483647;
			files = (
			);
			runOnlyForDeploymentPostprocessing = 0;
		};
		850113E62C29B0A4007275D7 /* Frameworks */ = {
			isa = PBXFrameworksBuildPhase;
			buildActionMask = 2147483647;
			files = (
			);
			runOnlyForDeploymentPostprocessing = 0;
		};
/* End PBXFrameworksBuildPhase section */

/* Begin PBXGroup section */
		850113C42C29B0A2007275D7 = {
			isa = PBXGroup;
			children = (
				850113CF2C29B0A2007275D7 /* Make It */,
				850113E22C29B0A4007275D7 /* Make ItTests */,
				850113EC2C29B0A4007275D7 /* Make ItUITests */,
				850113CE2C29B0A2007275D7 /* Products */,
			);
			sourceTree = "<group>";
		};
		850113CE2C29B0A2007275D7 /* Products */ = {
			isa = PBXGroup;
			children = (
				850113CD2C29B0A2007275D7 /* Make It.app */,
				850113DF2C29B0A4007275D7 /* Make ItTests.xctest */,
				850113E92C29B0A4007275D7 /* Make ItUITests.xctest */,
			);
			name = Products;
			sourceTree = "<group>";
		};
		850113CF2C29B0A2007275D7 /* Make It */ = {
			isa = PBXGroup;
			children = (
				850114002C29FBA8007275D7 /* Entities */,
				850113FF2C29FB9A007275D7 /* Repository */,
				850113FE2C29FB89007275D7 /* Controllers */,
				850113FD2C29F066007275D7 /* UseCase */,
				850113FC2C29F05A007275D7 /* Presenter */,
				850113D02C29B0A2007275D7 /* Make_ItApp.swift */,
				850113D22C29B0A2007275D7 /* ContentView.swift */,
				850113D62C29B0A3007275D7 /* Assets.xcassets */,
				850113D82C29B0A3007275D7 /* Preview Content */,
			);
			path = "Make It";
			sourceTree = "<group>";
		};
		850113D82C29B0A3007275D7 /* Preview Content */ = {
			isa = PBXGroup;
			children = (
				850113D92C29B0A3007275D7 /* Preview Assets.xcassets */,
			);
			path = "Preview Content";
			sourceTree = "<group>";
		};
		850113E22C29B0A4007275D7 /* Make ItTests */ = {
			isa = PBXGroup;
			children = (
				850113E32C29B0A4007275D7 /* Make_ItTests.swift */,
			);
			path = "Make ItTests";
			sourceTree = "<group>";
		};
		850113EC2C29B0A4007275D7 /* Make ItUITests */ = {
			isa = PBXGroup;
			children = (
				850113ED2C29B0A4007275D7 /* Make_ItUITests.swift */,
				850113EF2C29B0A4007275D7 /* Make_ItUITestsLaunchTests.swift */,
			);
			path = "Make ItUITests";
			sourceTree = "<group>";
		};
		850113FC2C29F05A007275D7 /* Presenter */ = {
			isa = PBXGroup;
			children = (
				850114052C2A035A007275D7 /* TaskViewModel.swift */,
			);
			path = Presenter;
			sourceTree = "<group>";
		};
		850113FD2C29F066007275D7 /* UseCase */ = {
			isa = PBXGroup;
			children = (
				850114072C2AFCA8007275D7 /* TaskUseCase.swift */,
				850114092C2AFCF3007275D7 /* AddTaskUseCase.swift */,
				8501140B2C2B0138007275D7 /* DeleteTaskUseCase.swift */,
				85B888382C2B2CC5004591CE /* FetchTaskUseCase.swift */,
			);
			path = UseCase;
			sourceTree = "<group>";
		};
		850113FE2C29FB89007275D7 /* Controllers */ = {
			isa = PBXGroup;
			children = (
				8501140D2C2B01AA007275D7 /* TaskController.swift */,
			);
			path = Controllers;
			sourceTree = "<group>";
		};
		850113FF2C29FB9A007275D7 /* Repository */ = {
			isa = PBXGroup;
			children = (
				850114032C29FDD8007275D7 /* TaskRepository.swift */,
			);
			path = Repository;
			sourceTree = "<group>";
		};
		850114002C29FBA8007275D7 /* Entities */ = {
			isa = PBXGroup;
			children = (
				850114012C29FC95007275D7 /* TaskModel.swift */,
			);
			path = Entities;
			sourceTree = "<group>";
		};
/* End PBXGroup section */

/* Begin PBXNativeTarget section */
		850113CC2C29B0A2007275D7 /* Make It */ = {
			isa = PBXNativeTarget;
			buildConfigurationList = 850113F32C29B0A4007275D7 /* Build configuration list for PBXNativeTarget "Make It" */;
			buildPhases = (
				850113C92C29B0A2007275D7 /* Sources */,
				850113CA2C29B0A2007275D7 /* Frameworks */,
				850113CB2C29B0A2007275D7 /* Resources */,
			);
			buildRules = (
			);
			dependencies = (
			);
			name = "Make It";
			productName = "Make It";
			productReference = 850113CD2C29B0A2007275D7 /* Make It.app */;
			productType = "com.apple.product-type.application";
		};
		850113DE2C29B0A4007275D7 /* Make ItTests */ = {
			isa = PBXNativeTarget;
			buildConfigurationList = 850113F62C29B0A4007275D7 /* Build configuration list for PBXNativeTarget "Make ItTests" */;
			buildPhases = (
				850113DB2C29B0A4007275D7 /* Sources */,
				850113DC2C29B0A4007275D7 /* Frameworks */,
				850113DD2C29B0A4007275D7 /* Resources */,
			);
			buildRules = (
			);
			dependencies = (
				850113E12C29B0A4007275D7 /* PBXTargetDependency */,
			);
			name = "Make ItTests";
			productName = "Make ItTests";
			productReference = 850113DF2C29B0A4007275D7 /* Make ItTests.xctest */;
			productType = "com.apple.product-type.bundle.unit-test";
		};
		850113E82C29B0A4007275D7 /* Make ItUITests */ = {
			isa = PBXNativeTarget;
			buildConfigurationList = 850113F92C29B0A4007275D7 /* Build configuration list for PBXNativeTarget "Make ItUITests" */;
			buildPhases = (
				850113E52C29B0A4007275D7 /* Sources */,
				850113E62C29B0A4007275D7 /* Frameworks */,
				850113E72C29B0A4007275D7 /* Resources */,
			);
			buildRules = (
			);
			dependencies = (
				850113EB2C29B0A4007275D7 /* PBXTargetDependency */,
			);
			name = "Make ItUITests";
			productName = "Make ItUITests";
			productReference = 850113E92C29B0A4007275D7 /* Make ItUITests.xctest */;
			productType = "com.apple.product-type.bundle.ui-testing";
		};
/* End PBXNativeTarget section */

/* Begin PBXProject section */
		850113C52C29B0A2007275D7 /* Project object */ = {
			isa = PBXProject;
			attributes = {
				BuildIndependentTargetsInParallel = 1;
				LastSwiftUpdateCheck = 1500;
				LastUpgradeCheck = 1500;
				TargetAttributes = {
					850113CC2C29B0A2007275D7 = {
						CreatedOnToolsVersion = 15.0.1;
					};
					850113DE2C29B0A4007275D7 = {
						CreatedOnToolsVersion = 15.0.1;
						TestTargetID = 850113CC2C29B0A2007275D7;
					};
					850113E82C29B0A4007275D7 = {
						CreatedOnToolsVersion = 15.0.1;
						TestTargetID = 850113CC2C29B0A2007275D7;
					};
				};
			};
			buildConfigurationList = 850113C82C29B0A2007275D7 /* Build configuration list for PBXProject "Make It" */;
			compatibilityVersion = "Xcode 14.0";
			developmentRegion = en;
			hasScannedForEncodings = 0;
			knownRegions = (
				en,
				Base,
			);
			mainGroup = 850113C42C29B0A2007275D7;
			productRefGroup = 850113CE2C29B0A2007275D7 /* Products */;
			projectDirPath = "";
			projectRoot = "";
			targets = (
				850113CC2C29B0A2007275D7 /* Make It */,
				850113DE2C29B0A4007275D7 /* Make ItTests */,
				850113E82C29B0A4007275D7 /* Make ItUITests */,
			);
		};
/* End PBXProject section */

/* Begin PBXResourcesBuildPhase section */
		850113CB2C29B0A2007275D7 /* Resources */ = {
			isa = PBXResourcesBuildPhase;
			buildActionMask = 2147483647;
			files = (
				850113DA2C29B0A3007275D7 /* Preview Assets.xcassets in Resources */,
				850113D72C29B0A3007275D7 /* Assets.xcassets in Resources */,
			);
			runOnlyForDeploymentPostprocessing = 0;
		};
		850113DD2C29B0A4007275D7 /* Resources */ = {
			isa = PBXResourcesBuildPhase;
			buildActionMask = 2147483647;
			files = (
			);
			runOnlyForDeploymentPostprocessing = 0;
		};
		850113E72C29B0A4007275D7 /* Resources */ = {
			isa = PBXResourcesBuildPhase;
			buildActionMask = 2147483647;
			files = (
			);
			runOnlyForDeploymentPostprocessing = 0;
		};
/* End PBXResourcesBuildPhase section */

/* Begin PBXSourcesBuildPhase section */
		850113C92C29B0A2007275D7 /* Sources */ = {
			isa = PBXSourcesBuildPhase;
			buildActionMask = 2147483647;
			files = (
				8501140A2C2AFCF3007275D7 /* AddTaskUseCase.swift in Sources */,
				8501140C2C2B0138007275D7 /* DeleteTaskUseCase.swift in Sources */,
				850114022C29FC95007275D7 /* TaskModel.swift in Sources */,
				850114062C2A035A007275D7 /* TaskViewModel.swift in Sources */,
				8501140E2C2B01AA007275D7 /* TaskController.swift in Sources */,
				850114082C2AFCA8007275D7 /* TaskUseCase.swift in Sources */,
				850113D32C29B0A2007275D7 /* ContentView.swift in Sources */,
				850113D12C29B0A2007275D7 /* Make_ItApp.swift in Sources */,
				850114042C29FDD8007275D7 /* TaskRepository.swift in Sources */,
				85B888392C2B2CC5004591CE /* FetchTaskUseCase.swift in Sources */,
			);
			runOnlyForDeploymentPostprocessing = 0;
		};
		850113DB2C29B0A4007275D7 /* Sources */ = {
			isa = PBXSourcesBuildPhase;
			buildActionMask = 2147483647;
			files = (
				850113E42C29B0A4007275D7 /* Make_ItTests.swift in Sources */,
			);
			runOnlyForDeploymentPostprocessing = 0;
		};
		850113E52C29B0A4007275D7 /* Sources */ = {
			isa = PBXSourcesBuildPhase;
			buildActionMask = 2147483647;
			files = (
				850113EE2C29B0A4007275D7 /* Make_ItUITests.swift in Sources */,
				850113F02C29B0A4007275D7 /* Make_ItUITestsLaunchTests.swift in Sources */,
			);
			runOnlyForDeploymentPostprocessing = 0;
		};
/* End PBXSourcesBuildPhase section */

/* Begin PBXTargetDependency section */
		850113E12C29B0A4007275D7 /* PBXTargetDependency */ = {
			isa = PBXTargetDependency;
			target = 850113CC2C29B0A2007275D7 /* Make It */;
			targetProxy = 850113E02C29B0A4007275D7 /* PBXContainerItemProxy */;
		};
		850113EB2C29B0A4007275D7 /* PBXTargetDependency */ = {
			isa = PBXTargetDependency;
			target = 850113CC2C29B0A2007275D7 /* Make It */;
			targetProxy = 850113EA2C29B0A4007275D7 /* PBXContainerItemProxy */;
		};
/* End PBXTargetDependency section */

/* Begin XCBuildConfiguration section */
		850113F12C29B0A4007275D7 /* Debug */ = {
			isa = XCBuildConfiguration;
			buildSettings = {
				ALWAYS_SEARCH_USER_PATHS = NO;
				ASSETCATALOG_COMPILER_GENERATE_SWIFT_ASSET_SYMBOL_EXTENSIONS = YES;
				CLANG_ANALYZER_NONNULL = YES;
				CLANG_ANALYZER_NUMBER_OBJECT_CONVERSION = YES_AGGRESSIVE;
				CLANG_CXX_LANGUAGE_STANDARD = "gnu++20";
				CLANG_ENABLE_MODULES = YES;
				CLANG_ENABLE_OBJC_ARC = YES;
				CLANG_ENABLE_OBJC_WEAK = YES;
				CLANG_WARN_BLOCK_CAPTURE_AUTORELEASING = YES;
				CLANG_WARN_BOOL_CONVERSION = YES;
				CLANG_WARN_COMMA = YES;
				CLANG_WARN_CONSTANT_CONVERSION = YES;
				CLANG_WARN_DEPRECATED_OBJC_IMPLEMENTATIONS = YES;
				CLANG_WARN_DIRECT_OBJC_ISA_USAGE = YES_ERROR;
				CLANG_WARN_DOCUMENTATION_COMMENTS = YES;
				CLANG_WARN_EMPTY_BODY = YES;
				CLANG_WARN_ENUM_CONVERSION = YES;
				CLANG_WARN_INFINITE_RECURSION = YES;
				CLANG_WARN_INT_CONVERSION = YES;
				CLANG_WARN_NON_LITERAL_NULL_CONVERSION = YES;
				CLANG_WARN_OBJC_IMPLICIT_RETAIN_SELF = YES;
				CLANG_WARN_OBJC_LITERAL_CONVERSION = YES;
				CLANG_WARN_OBJC_ROOT_CLASS = YES_ERROR;
				CLANG_WARN_QUOTED_INCLUDE_IN_FRAMEWORK_HEADER = YES;
				CLANG_WARN_RANGE_LOOP_ANALYSIS = YES;
				CLANG_WARN_STRICT_PROTOTYPES = YES;
				CLANG_WARN_SUSPICIOUS_MOVE = YES;
				CLANG_WARN_UNGUARDED_AVAILABILITY = YES_AGGRESSIVE;
				CLANG_WARN_UNREACHABLE_CODE = YES;
				CLANG_WARN__DUPLICATE_METHOD_MATCH = YES;
				COPY_PHASE_STRIP = NO;
				DEBUG_INFORMATION_FORMAT = dwarf;
				ENABLE_STRICT_OBJC_MSGSEND = YES;
				ENABLE_TESTABILITY = YES;
				ENABLE_USER_SCRIPT_SANDBOXING = YES;
				GCC_C_LANGUAGE_STANDARD = gnu17;
				GCC_DYNAMIC_NO_PIC = NO;
				GCC_NO_COMMON_BLOCKS = YES;
				GCC_OPTIMIZATION_LEVEL = 0;
				GCC_PREPROCESSOR_DEFINITIONS = (
					"DEBUG=1",
					"$(inherited)",
				);
				GCC_WARN_64_TO_32_BIT_CONVERSION = YES;
				GCC_WARN_ABOUT_RETURN_TYPE = YES_ERROR;
				GCC_WARN_UNDECLARED_SELECTOR = YES;
				GCC_WARN_UNINITIALIZED_AUTOS = YES_AGGRESSIVE;
				GCC_WARN_UNUSED_FUNCTION = YES;
				GCC_WARN_UNUSED_VARIABLE = YES;
				IPHONEOS_DEPLOYMENT_TARGET = 17.0;
				LOCALIZATION_PREFERS_STRING_CATALOGS = YES;
				MTL_ENABLE_DEBUG_INFO = INCLUDE_SOURCE;
				MTL_FAST_MATH = YES;
				ONLY_ACTIVE_ARCH = YES;
				SDKROOT = iphoneos;
				SWIFT_ACTIVE_COMPILATION_CONDITIONS = "DEBUG $(inherited)";
				SWIFT_OPTIMIZATION_LEVEL = "-Onone";
			};
			name = Debug;
		};
		850113F22C29B0A4007275D7 /* Release */ = {
			isa = XCBuildConfiguration;
			buildSettings = {
				ALWAYS_SEARCH_USER_PATHS = NO;
				ASSETCATALOG_COMPILER_GENERATE_SWIFT_ASSET_SYMBOL_EXTENSIONS = YES;
				CLANG_ANALYZER_NONNULL = YES;
				CLANG_ANALYZER_NUMBER_OBJECT_CONVERSION = YES_AGGRESSIVE;
				CLANG_CXX_LANGUAGE_STANDARD = "gnu++20";
				CLANG_ENABLE_MODULES = YES;
				CLANG_ENABLE_OBJC_ARC = YES;
				CLANG_ENABLE_OBJC_WEAK = YES;
				CLANG_WARN_BLOCK_CAPTURE_AUTORELEASING = YES;
				CLANG_WARN_BOOL_CONVERSION = YES;
				CLANG_WARN_COMMA = YES;
				CLANG_WARN_CONSTANT_CONVERSION = YES;
				CLANG_WARN_DEPRECATED_OBJC_IMPLEMENTATIONS = YES;
				CLANG_WARN_DIRECT_OBJC_ISA_USAGE = YES_ERROR;
				CLANG_WARN_DOCUMENTATION_COMMENTS = YES;
				CLANG_WARN_EMPTY_BODY = YES;
				CLANG_WARN_ENUM_CONVERSION = YES;
				CLANG_WARN_INFINITE_RECURSION = YES;
				CLANG_WARN_INT_CONVERSION = YES;
				CLANG_WARN_NON_LITERAL_NULL_CONVERSION = YES;
				CLANG_WARN_OBJC_IMPLICIT_RETAIN_SELF = YES;
				CLANG_WARN_OBJC_LITERAL_CONVERSION = YES;
				CLANG_WARN_OBJC_ROOT_CLASS = YES_ERROR;
				CLANG_WARN_QUOTED_INCLUDE_IN_FRAMEWORK_HEADER = YES;
				CLANG_WARN_RANGE_LOOP_ANALYSIS = YES;
				CLANG_WARN_STRICT_PROTOTYPES = YES;
				CLANG_WARN_SUSPICIOUS_MOVE = YES;
				CLANG_WARN_UNGUARDED_AVAILABILITY = YES_AGGRESSIVE;
				CLANG_WARN_UNREACHABLE_CODE = YES;
				CLANG_WARN__DUPLICATE_METHOD_MATCH = YES;
				COPY_PHASE_STRIP = NO;
				DEBUG_INFORMATION_FORMAT = "dwarf-with-dsym";
				ENABLE_NS_ASSERTIONS = NO;
				ENABLE_STRICT_OBJC_MSGSEND = YES;
				ENABLE_USER_SCRIPT_SANDBOXING = YES;
				GCC_C_LANGUAGE_STANDARD = gnu17;
				GCC_NO_COMMON_BLOCKS = YES;
				GCC_WARN_64_TO_32_BIT_CONVERSION = YES;
				GCC_WARN_ABOUT_RETURN_TYPE = YES_ERROR;
				GCC_WARN_UNDECLARED_SELECTOR = YES;
				GCC_WARN_UNINITIALIZED_AUTOS = YES_AGGRESSIVE;
				GCC_WARN_UNUSED_FUNCTION = YES;
				GCC_WARN_UNUSED_VARIABLE = YES;
				IPHONEOS_DEPLOYMENT_TARGET = 17.0;
				LOCALIZATION_PREFERS_STRING_CATALOGS = YES;
				MTL_ENABLE_DEBUG_INFO = NO;
				MTL_FAST_MATH = YES;
				SDKROOT = iphoneos;
				SWIFT_COMPILATION_MODE = wholemodule;
				VALIDATE_PRODUCT = YES;
			};
			name = Release;
		};
		850113F42C29B0A4007275D7 /* Debug */ = {
			isa = XCBuildConfiguration;
			buildSettings = {
				ASSETCATALOG_COMPILER_APPICON_NAME = AppIcon;
				ASSETCATALOG_COMPILER_GLOBAL_ACCENT_COLOR_NAME = AccentColor;
				CODE_SIGN_STYLE = Automatic;
				CURRENT_PROJECT_VERSION = 1;
				DEVELOPMENT_ASSET_PATHS = "\"Make It/Preview Content\"";
				DEVELOPMENT_TEAM = 5N4X6WG2SQ;
				ENABLE_PREVIEWS = YES;
				GENERATE_INFOPLIST_FILE = YES;
				INFOPLIST_KEY_UIApplicationSceneManifest_Generation = YES;
				INFOPLIST_KEY_UIApplicationSupportsIndirectInputEvents = YES;
				INFOPLIST_KEY_UILaunchScreen_Generation = YES;
				INFOPLIST_KEY_UISupportedInterfaceOrientations_iPad = "UIInterfaceOrientationPortrait UIInterfaceOrientationPortraitUpsideDown UIInterfaceOrientationLandscapeLeft UIInterfaceOrientationLandscapeRight";
				INFOPLIST_KEY_UISupportedInterfaceOrientations_iPhone = "UIInterfaceOrientationPortrait UIInterfaceOrientationLandscapeLeft UIInterfaceOrientationLandscapeRight";
				LD_RUNPATH_SEARCH_PATHS = (
					"$(inherited)",
					"@executable_path/Frameworks",
				);
				MARKETING_VERSION = 1.0;
				PRODUCT_BUNDLE_IDENTIFIER = "sobera.Make-It";
				PRODUCT_NAME = "$(TARGET_NAME)";
				SWIFT_EMIT_LOC_STRINGS = YES;
				SWIFT_VERSION = 5.0;
				TARGETED_DEVICE_FAMILY = "1,2";
			};
			name = Debug;
		};
		850113F52C29B0A4007275D7 /* Release */ = {
			isa = XCBuildConfiguration;
			buildSettings = {
				ASSETCATALOG_COMPILER_APPICON_NAME = AppIcon;
				ASSETCATALOG_COMPILER_GLOBAL_ACCENT_COLOR_NAME = AccentColor;
				CODE_SIGN_STYLE = Automatic;
				CURRENT_PROJECT_VERSION = 1;
				DEVELOPMENT_ASSET_PATHS = "\"Make It/Preview Content\"";
				DEVELOPMENT_TEAM = 5N4X6WG2SQ;
				ENABLE_PREVIEWS = YES;
				GENERATE_INFOPLIST_FILE = YES;
				INFOPLIST_KEY_UIApplicationSceneManifest_Generation = YES;
				INFOPLIST_KEY_UIApplicationSupportsIndirectInputEvents = YES;
				INFOPLIST_KEY_UILaunchScreen_Generation = YES;
				INFOPLIST_KEY_UISupportedInterfaceOrientations_iPad = "UIInterfaceOrientationPortrait UIInterfaceOrientationPortraitUpsideDown UIInterfaceOrientationLandscapeLeft UIInterfaceOrientationLandscapeRight";
				INFOPLIST_KEY_UISupportedInterfaceOrientations_iPhone = "UIInterfaceOrientationPortrait UIInterfaceOrientationLandscapeLeft UIInterfaceOrientationLandscapeRight";
				LD_RUNPATH_SEARCH_PATHS = (
					"$(inherited)",
					"@executable_path/Frameworks",
				);
				MARKETING_VERSION = 1.0;
				PRODUCT_BUNDLE_IDENTIFIER = "sobera.Make-It";
				PRODUCT_NAME = "$(TARGET_NAME)";
				SWIFT_EMIT_LOC_STRINGS = YES;
				SWIFT_VERSION = 5.0;
				TARGETED_DEVICE_FAMILY = "1,2";
			};
			name = Release;
		};
		850113F72C29B0A4007275D7 /* Debug */ = {
			isa = XCBuildConfiguration;
			buildSettings = {
				ALWAYS_EMBED_SWIFT_STANDARD_LIBRARIES = YES;
				BUNDLE_LOADER = "$(TEST_HOST)";
				CODE_SIGN_STYLE = Automatic;
				CURRENT_PROJECT_VERSION = 1;
				DEVELOPMENT_TEAM = 5N4X6WG2SQ;
				GENERATE_INFOPLIST_FILE = YES;
				IPHONEOS_DEPLOYMENT_TARGET = 17.0;
				MARKETING_VERSION = 1.0;
				PRODUCT_BUNDLE_IDENTIFIER = "sobera.Make-ItTests";
				PRODUCT_NAME = "$(TARGET_NAME)";
				SWIFT_EMIT_LOC_STRINGS = NO;
				SWIFT_VERSION = 5.0;
				TARGETED_DEVICE_FAMILY = "1,2";
				TEST_HOST = "$(BUILT_PRODUCTS_DIR)/Make It.app/$(BUNDLE_EXECUTABLE_FOLDER_PATH)/Make It";
			};
			name = Debug;
		};
		850113F82C29B0A4007275D7 /* Release */ = {
			isa = XCBuildConfiguration;
			buildSettings = {
				ALWAYS_EMBED_SWIFT_STANDARD_LIBRARIES = YES;
				BUNDLE_LOADER = "$(TEST_HOST)";
				CODE_SIGN_STYLE = Automatic;
				CURRENT_PROJECT_VERSION = 1;
				DEVELOPMENT_TEAM = 5N4X6WG2SQ;
				GENERATE_INFOPLIST_FILE = YES;
				IPHONEOS_DEPLOYMENT_TARGET = 17.0;
				MARKETING_VERSION = 1.0;
				PRODUCT_BUNDLE_IDENTIFIER = "sobera.Make-ItTests";
				PRODUCT_NAME = "$(TARGET_NAME)";
				SWIFT_EMIT_LOC_STRINGS = NO;
				SWIFT_VERSION = 5.0;
				TARGETED_DEVICE_FAMILY = "1,2";
				TEST_HOST = "$(BUILT_PRODUCTS_DIR)/Make It.app/$(BUNDLE_EXECUTABLE_FOLDER_PATH)/Make It";
			};
			name = Release;
		};
		850113FA2C29B0A4007275D7 /* Debug */ = {
			isa = XCBuildConfiguration;
			buildSettings = {
				ALWAYS_EMBED_SWIFT_STANDARD_LIBRARIES = YES;
				CODE_SIGN_STYLE = Automatic;
				CURRENT_PROJECT_VERSION = 1;
				DEVELOPMENT_TEAM = 5N4X6WG2SQ;
				GENERATE_INFOPLIST_FILE = YES;
				MARKETING_VERSION = 1.0;
				PRODUCT_BUNDLE_IDENTIFIER = "sobera.Make-ItUITests";
				PRODUCT_NAME = "$(TARGET_NAME)";
				SWIFT_EMIT_LOC_STRINGS = NO;
				SWIFT_VERSION = 5.0;
				TARGETED_DEVICE_FAMILY = "1,2";
				TEST_TARGET_NAME = "Make It";
			};
			name = Debug;
		};
		850113FB2C29B0A4007275D7 /* Release */ = {
			isa = XCBuildConfiguration;
			buildSettings = {
				ALWAYS_EMBED_SWIFT_STANDARD_LIBRARIES = YES;
				CODE_SIGN_STYLE = Automatic;
				CURRENT_PROJECT_VERSION = 1;
				DEVELOPMENT_TEAM = 5N4X6WG2SQ;
				GENERATE_INFOPLIST_FILE = YES;
				MARKETING_VERSION = 1.0;
				PRODUCT_BUNDLE_IDENTIFIER = "sobera.Make-ItUITests";
				PRODUCT_NAME = "$(TARGET_NAME)";
				SWIFT_EMIT_LOC_STRINGS = NO;
				SWIFT_VERSION = 5.0;
				TARGETED_DEVICE_FAMILY = "1,2";
				TEST_TARGET_NAME = "Make It";
			};
			name = Release;
		};
/* End XCBuildConfiguration section */

/* Begin XCConfigurationList section */
		850113C82C29B0A2007275D7 /* Build configuration list for PBXProject "Make It" */ = {
			isa = XCConfigurationList;
			buildConfigurations = (
				850113F12C29B0A4007275D7 /* Debug */,
				850113F22C29B0A4007275D7 /* Release */,
			);
			defaultConfigurationIsVisible = 0;
			defaultConfigurationName = Release;
		};
		850113F32C29B0A4007275D7 /* Build configuration list for PBXNativeTarget "Make It" */ = {
			isa = XCConfigurationList;
			buildConfigurations = (
				850113F42C29B0A4007275D7 /* Debug */,
				850113F52C29B0A4007275D7 /* Release */,
			);
			defaultConfigurationIsVisible = 0;
			defaultConfigurationName = Release;
		};
		850113F62C29B0A4007275D7 /* Build configuration list for PBXNativeTarget "Make ItTests" */ = {
			isa = XCConfigurationList;
			buildConfigurations = (
				850113F72C29B0A4007275D7 /* Debug */,
				850113F82C29B0A4007275D7 /* Release */,
			);
			defaultConfigurationIsVisible = 0;
			defaultConfigurationName = Release;
		};
		850113F92C29B0A4007275D7 /* Build configuration list for PBXNativeTarget "Make ItUITests" */ = {
			isa = XCConfigurationList;
			buildConfigurations = (
				850113FA2C29B0A4007275D7 /* Debug */,
				850113FB2C29B0A4007275D7 /* Release */,
			);
			defaultConfigurationIsVisible = 0;
			defaultConfigurationName = Release;
		};
/* End XCConfigurationList section */
	};
	rootObject = 850113C52C29B0A2007275D7 /* Project object */;
}
